// !$*UTF8*$!
{
	archiveVersion = 1;
	classes = {
	};
	objectVersion = 46;
	objects = {

/* Begin PBXBuildFile section */
		6333F9739124315532E9E7BE /* Pods_Onboarding.framework in Frameworks */ = {isa = PBXBuildFile; fileRef = D8E5DA8CD294B8186C943738 /* Pods_Onboarding.framework */; };
		8E3511B81ECF4A71008E62C7 /* SwiftForms.framework in Frameworks */ = {isa = PBXBuildFile; fileRef = 8E3511B71ECF4A71008E62C7 /* SwiftForms.framework */; };
		8ED7A9D21ECF47B100BEE3FC /* AppDelegate.swift in Sources */ = {isa = PBXBuildFile; fileRef = 8ED7A9D11ECF47B100BEE3FC /* AppDelegate.swift */; };
		8ED7A9D41ECF47B100BEE3FC /* ViewController.swift in Sources */ = {isa = PBXBuildFile; fileRef = 8ED7A9D31ECF47B100BEE3FC /* ViewController.swift */; };
		8ED7A9D71ECF47B100BEE3FC /* Main.storyboard in Resources */ = {isa = PBXBuildFile; fileRef = 8ED7A9D51ECF47B100BEE3FC /* Main.storyboard */; };
		8ED7A9D91ECF47B100BEE3FC /* Assets.xcassets in Resources */ = {isa = PBXBuildFile; fileRef = 8ED7A9D81ECF47B100BEE3FC /* Assets.xcassets */; };
		8ED7A9DC1ECF47B100BEE3FC /* LaunchScreen.storyboard in Resources */ = {isa = PBXBuildFile; fileRef = 8ED7A9DA1ECF47B100BEE3FC /* LaunchScreen.storyboard */; };
/* End PBXBuildFile section */

/* Begin PBXFileReference section */
		58B662C9ECA381646248B5AA /* Pods-Onboarding.release.xcconfig */ = {isa = PBXFileReference; includeInIndex = 1; lastKnownFileType = text.xcconfig; name = "Pods-Onboarding.release.xcconfig"; path = "Pods/Target Support Files/Pods-Onboarding/Pods-Onboarding.release.xcconfig"; sourceTree = "<group>"; };
		8E3511B71ECF4A71008E62C7 /* SwiftForms.framework */ = {isa = PBXFileReference; lastKnownFileType = wrapper.framework; name = SwiftForms.framework; path = "Pods/../build/Debug-iphoneos/SwiftForms/SwiftForms.framework"; sourceTree = "<group>"; };
		8ED7A9CE1ECF47B100BEE3FC /* Onboarding.app */ = {isa = PBXFileReference; explicitFileType = wrapper.application; includeInIndex = 0; path = Onboarding.app; sourceTree = BUILT_PRODUCTS_DIR; };
		8ED7A9D11ECF47B100BEE3FC /* AppDelegate.swift */ = {isa = PBXFileReference; lastKnownFileType = sourcecode.swift; path = AppDelegate.swift; sourceTree = "<group>"; };
		8ED7A9D31ECF47B100BEE3FC /* ViewController.swift */ = {isa = PBXFileReference; lastKnownFileType = sourcecode.swift; path = ViewController.swift; sourceTree = "<group>"; };
		8ED7A9D61ECF47B100BEE3FC /* Base */ = {isa = PBXFileReference; lastKnownFileType = file.storyboard; name = Base; path = Base.lproj/Main.storyboard; sourceTree = "<group>"; };
		8ED7A9D81ECF47B100BEE3FC /* Assets.xcassets */ = {isa = PBXFileReference; lastKnownFileType = folder.assetcatalog; path = Assets.xcassets; sourceTree = "<group>"; };
		8ED7A9DB1ECF47B100BEE3FC /* Base */ = {isa = PBXFileReference; lastKnownFileType = file.storyboard; name = Base; path = Base.lproj/LaunchScreen.storyboard; sourceTree = "<group>"; };
		8ED7A9DD1ECF47B100BEE3FC /* Info.plist */ = {isa = PBXFileReference; lastKnownFileType = text.plist.xml; path = Info.plist; sourceTree = "<group>"; };
		94D0F29F4B1980C42F9C776E /* Pods-Onboarding.debug.xcconfig */ = {isa = PBXFileReference; includeInIndex = 1; lastKnownFileType = text.xcconfig; name = "Pods-Onboarding.debug.xcconfig"; path = "Pods/Target Support Files/Pods-Onboarding/Pods-Onboarding.debug.xcconfig"; sourceTree = "<group>"; };
		D8E5DA8CD294B8186C943738 /* Pods_Onboarding.framework */ = {isa = PBXFileReference; explicitFileType = wrapper.framework; includeInIndex = 0; path = Pods_Onboarding.framework; sourceTree = BUILT_PRODUCTS_DIR; };
/* End PBXFileReference section */

/* Begin PBXFrameworksBuildPhase section */
		8ED7A9CB1ECF47B100BEE3FC /* Frameworks */ = {
			isa = PBXFrameworksBuildPhase;
			buildActionMask = 2147483647;
			files = (
				8E3511B81ECF4A71008E62C7 /* SwiftForms.framework in Frameworks */,
				6333F9739124315532E9E7BE /* Pods_Onboarding.framework in Frameworks */,
			);
			runOnlyForDeploymentPostprocessing = 0;
		};
/* End PBXFrameworksBuildPhase section */

/* Begin PBXGroup section */
		8ED7A9C51ECF47B100BEE3FC = {
			isa = PBXGroup;
			children = (
				8ED7A9D01ECF47B100BEE3FC /* Onboarding */,
				8ED7A9CF1ECF47B100BEE3FC /* Products */,
				D03BEA02A517512E3D48405F /* Pods */,
				96CFAB8125B9745280E3F75C /* Frameworks */,
			);
			sourceTree = "<group>";
		};
		8ED7A9CF1ECF47B100BEE3FC /* Products */ = {
			isa = PBXGroup;
			children = (
				8ED7A9CE1ECF47B100BEE3FC /* Onboarding.app */,
			);
			name = Products;
			sourceTree = "<group>";
		};
		8ED7A9D01ECF47B100BEE3FC /* Onboarding */ = {
			isa = PBXGroup;
			children = (
				8ED7A9D11ECF47B100BEE3FC /* AppDelegate.swift */,
				8ED7A9D31ECF47B100BEE3FC /* ViewController.swift */,
				8ED7A9D51ECF47B100BEE3FC /* Main.storyboard */,
				8ED7A9D81ECF47B100BEE3FC /* Assets.xcassets */,
				8ED7A9DA1ECF47B100BEE3FC /* LaunchScreen.storyboard */,
				8ED7A9DD1ECF47B100BEE3FC /* Info.plist */,
			);
			path = Onboarding;
			sourceTree = "<group>";
		};
		96CFAB8125B9745280E3F75C /* Frameworks */ = {
			isa = PBXGroup;
			children = (
				8E3511B71ECF4A71008E62C7 /* SwiftForms.framework */,
				D8E5DA8CD294B8186C943738 /* Pods_Onboarding.framework */,
			);
			name = Frameworks;
			sourceTree = "<group>";
		};
		D03BEA02A517512E3D48405F /* Pods */ = {
			isa = PBXGroup;
			children = (
				94D0F29F4B1980C42F9C776E /* Pods-Onboarding.debug.xcconfig */,
				58B662C9ECA381646248B5AA /* Pods-Onboarding.release.xcconfig */,
			);
			name = Pods;
			sourceTree = "<group>";
		};
/* End PBXGroup section */

/* Begin PBXNativeTarget section */
		8ED7A9CD1ECF47B100BEE3FC /* Onboarding */ = {
			isa = PBXNativeTarget;
			buildConfigurationList = 8ED7A9E01ECF47B100BEE3FC /* Build configuration list for PBXNativeTarget "Onboarding" */;
			buildPhases = (
				A517590DF067A7763C6F4C4A /* [CP] Check Pods Manifest.lock */,
				8ED7A9CA1ECF47B100BEE3FC /* Sources */,
				8ED7A9CB1ECF47B100BEE3FC /* Frameworks */,
				8ED7A9CC1ECF47B100BEE3FC /* Resources */,
				411B53AB4D17C693F07FE102 /* [CP] Embed Pods Frameworks */,
				365022B0DE2F0EC1677DD232 /* [CP] Copy Pods Resources */,
			);
			buildRules = (
			);
			dependencies = (
			);
			name = Onboarding;
			productName = Onboarding;
			productReference = 8ED7A9CE1ECF47B100BEE3FC /* Onboarding.app */;
			productType = "com.apple.product-type.application";
		};
/* End PBXNativeTarget section */

/* Begin PBXProject section */
		8ED7A9C61ECF47B100BEE3FC /* Project object */ = {
			isa = PBXProject;
			attributes = {
				LastSwiftUpdateCheck = 0830;
				LastUpgradeCheck = 0830;
				ORGANIZATIONNAME = "Risa Yoneyama";
				TargetAttributes = {
					8ED7A9CD1ECF47B100BEE3FC = {
						CreatedOnToolsVersion = 8.3.2;
						DevelopmentTeam = 7EB3W592G9;
						ProvisioningStyle = Automatic;
					};
				};
			};
			buildConfigurationList = 8ED7A9C91ECF47B100BEE3FC /* Build configuration list for PBXProject "Onboarding" */;
			compatibilityVersion = "Xcode 3.2";
			developmentRegion = English;
			hasScannedForEncodings = 0;
			knownRegions = (
				en,
				Base,
			);
			mainGroup = 8ED7A9C51ECF47B100BEE3FC;
			productRefGroup = 8ED7A9CF1ECF47B100BEE3FC /* Products */;
			projectDirPath = "";
			projectRoot = "";
			targets = (
				8ED7A9CD1ECF47B100BEE3FC /* Onboarding */,
			);
		};
/* End PBXProject section */

/* Begin PBXResourcesBuildPhase section */
		8ED7A9CC1ECF47B100BEE3FC /* Resources */ = {
			isa = PBXResourcesBuildPhase;
			buildActionMask = 2147483647;
			files = (
				8ED7A9DC1ECF47B100BEE3FC /* LaunchScreen.storyboard in Resources */,
				8ED7A9D91ECF47B100BEE3FC /* Assets.xcassets in Resources */,
				8ED7A9D71ECF47B100BEE3FC /* Main.storyboard in Resources */,
			);
			runOnlyForDeploymentPostprocessing = 0;
		};
/* End PBXResourcesBuildPhase section */

/* Begin PBXShellScriptBuildPhase section */
		365022B0DE2F0EC1677DD232 /* [CP] Copy Pods Resources */ = {
			isa = PBXShellScriptBuildPhase;
			buildActionMask = 2147483647;
			files = (
			);
			inputPaths = (
			);
			name = "[CP] Copy Pods Resources";
			outputPaths = (
			);
			runOnlyForDeploymentPostprocessing = 0;
			shellPath = /bin/sh;
			shellScript = "\"${SRCROOT}/Pods/Target Support Files/Pods-Onboarding/Pods-Onboarding-resources.sh\"\n";
			showEnvVarsInLog = 0;
		};
		411B53AB4D17C693F07FE102 /* [CP] Embed Pods Frameworks */ = {
			isa = PBXShellScriptBuildPhase;
			buildActionMask = 2147483647;
			files = (
			);
			inputPaths = (
			);
			name = "[CP] Embed Pods Frameworks";
			outputPaths = (
			);
			runOnlyForDeploymentPostprocessing = 0;
			shellPath = /bin/sh;
			shellScript = "\"${SRCROOT}/Pods/Target Support Files/Pods-Onboarding/Pods-Onboarding-frameworks.sh\"\n";
			showEnvVarsInLog = 0;
		};
		A517590DF067A7763C6F4C4A /* [CP] Check Pods Manifest.lock */ = {
			isa = PBXShellScriptBuildPhase;
			buildActionMask = 2147483647;
			files = (
			);
			inputPaths = (
			);
			name = "[CP] Check Pods Manifest.lock";
			outputPaths = (
			);
			runOnlyForDeploymentPostprocessing = 0;
			shellPath = /bin/sh;
			shellScript = "diff \"${PODS_PODFILE_DIR_PATH}/Podfile.lock\" \"${PODS_ROOT}/Manifest.lock\" > /dev/null\nif [ $? != 0 ] ; then\n    # print error to STDERR\n    echo \"error: The sandbox is not in sync with the Podfile.lock. Run 'pod install' or update your CocoaPods installation.\" >&2\n    exit 1\nfi\n";
			showEnvVarsInLog = 0;
		};
/* End PBXShellScriptBuildPhase section */

/* Begin PBXSourcesBuildPhase section */
		8ED7A9CA1ECF47B100BEE3FC /* Sources */ = {
			isa = PBXSourcesBuildPhase;
			buildActionMask = 2147483647;
			files = (
				8ED7A9D41ECF47B100BEE3FC /* ViewController.swift in Sources */,
				8ED7A9D21ECF47B100BEE3FC /* AppDelegate.swift in Sources */,
			);
			runOnlyForDeploymentPostprocessing = 0;
		};
/* End PBXSourcesBuildPhase section */

/* Begin PBXVariantGroup section */
		8ED7A9D51ECF47B100BEE3FC /* Main.storyboard */ = {
			isa = PBXVariantGroup;
			children = (
				8ED7A9D61ECF47B100BEE3FC /* Base */,
			);
			name = Main.storyboard;
			sourceTree = "<group>";
		};
		8ED7A9DA1ECF47B100BEE3FC /* LaunchScreen.storyboard */ = {
			isa = PBXVariantGroup;
			children = (
				8ED7A9DB1ECF47B100BEE3FC /* Base */,
			);
			name = LaunchScreen.storyboard;
			sourceTree = "<group>";
		};
/* End PBXVariantGroup section */

/* Begin XCBuildConfiguration section */
		8ED7A9DE1ECF47B100BEE3FC /* Debug */ = {
			isa = XCBuildConfiguration;
			buildSettings = {
				ALWAYS_SEARCH_USER_PATHS = NO;
				CLANG_ANALYZER_NONNULL = YES;
				CLANG_ANALYZER_NUMBER_OBJECT_CONVERSION = YES_AGGRESSIVE;
				CLANG_CXX_LANGUAGE_STANDARD = "gnu++0x";
				CLANG_CXX_LIBRARY = "libc++";
				CLANG_ENABLE_MODULES = YES;
				CLANG_ENABLE_OBJC_ARC = YES;
				CLANG_WARN_BOOL_CONVERSION = YES;
				CLANG_WARN_CONSTANT_CONVERSION = YES;
				CLANG_WARN_DIRECT_OBJC_ISA_USAGE = YES_ERROR;
				CLANG_WARN_DOCUMENTATION_COMMENTS = YES;
				CLANG_WARN_EMPTY_BODY = YES;
				CLANG_WARN_ENUM_CONVERSION = YES;
				CLANG_WARN_INFINITE_RECURSION = YES;
				CLANG_WARN_INT_CONVERSION = YES;
				CLANG_WARN_OBJC_ROOT_CLASS = YES_ERROR;
				CLANG_WARN_SUSPICIOUS_MOVE = YES;
				CLANG_WARN_UNREACHABLE_CODE = YES;
				CLANG_WARN__DUPLICATE_METHOD_MATCH = YES;
				"CODE_SIGN_IDENTITY[sdk=iphoneos*]" = "iPhone Developer";
				COPY_PHASE_STRIP = NO;
				DEBUG_INFORMATION_FORMAT = dwarf;
				ENABLE_STRICT_OBJC_MSGSEND = YES;
				ENABLE_TESTABILITY = YES;
				GCC_C_LANGUAGE_STANDARD = gnu99;
				GCC_DYNAMIC_NO_PIC = NO;
				GCC_NO_COMMON_BLOCKS = YES;
				GCC_OPTIMIZATION_LEVEL = 0;
				GCC_PREPROCESSOR_DEFINITIONS = (
					"DEBUG=1",
					"$(inherited)",
				);
				GCC_WARN_64_TO_32_BIT_CONVERSION = YES;
				GCC_WARN_ABOUT_RETURN_TYPE = YES_ERROR;
				GCC_WARN_UNDECLARED_SELECTOR = YES;
				GCC_WARN_UNINITIALIZED_AUTOS = YES_AGGRESSIVE;
				GCC_WARN_UNUSED_FUNCTION = YES;
				GCC_WARN_UNUSED_VARIABLE = YES;
				IPHONEOS_DEPLOYMENT_TARGET = 10.3;
				MTL_ENABLE_DEBUG_INFO = YES;
				ONLY_ACTIVE_ARCH = YES;
				SDKROOT = iphoneos;
				SWIFT_ACTIVE_COMPILATION_CONDITIONS = DEBUG;
				SWIFT_OPTIMIZATION_LEVEL = "-Onone";
				TARGETED_DEVICE_FAMILY = "1,2";
			};
			name = Debug;
		};
		8ED7A9DF1ECF47B100BEE3FC /* Release */ = {
			isa = XCBuildConfiguration;
			buildSettings = {
				ALWAYS_SEARCH_USER_PATHS = NO;
				CLANG_ANALYZER_NONNULL = YES;
				CLANG_ANALYZER_NUMBER_OBJECT_CONVERSION = YES_AGGRESSIVE;
				CLANG_CXX_LANGUAGE_STANDARD = "gnu++0x";
				CLANG_CXX_LIBRARY = "libc++";
				CLANG_ENABLE_MODULES = YES;
				CLANG_ENABLE_OBJC_ARC = YES;
				CLANG_WARN_BOOL_CONVERSION = YES;
				CLANG_WARN_CONSTANT_CONVERSION = YES;
				CLANG_WARN_DIRECT_OBJC_ISA_USAGE = YES_ERROR;
				CLANG_WARN_DOCUMENTATION_COMMENTS = YES;
				CLANG_WARN_EMPTY_BODY = YES;
				CLANG_WARN_ENUM_CONVERSION = YES;
				CLANG_WARN_INFINITE_RECURSION = YES;
				CLANG_WARN_INT_CONVERSION = YES;
				CLANG_WARN_OBJC_ROOT_CLASS = YES_ERROR;
				CLANG_WARN_SUSPICIOUS_MOVE = YES;
				CLANG_WARN_UNREACHABLE_CODE = YES;
				CLANG_WARN__DUPLICATE_METHOD_MATCH = YES;
				"CODE_SIGN_IDENTITY[sdk=iphoneos*]" = "iPhone Developer";
				COPY_PHASE_STRIP = NO;
				DEBUG_INFORMATION_FORMAT = "dwarf-with-dsym";
				ENABLE_NS_ASSERTIONS = NO;
				ENABLE_STRICT_OBJC_MSGSEND = YES;
				GCC_C_LANGUAGE_STANDARD = gnu99;
				GCC_NO_COMMON_BLOCKS = YES;
				GCC_WARN_64_TO_32_BIT_CONVERSION = YES;
				GCC_WARN_ABOUT_RETURN_TYPE = YES_ERROR;
				GCC_WARN_UNDECLARED_SELECTOR = YES;
				GCC_WARN_UNINITIALIZED_AUTOS = YES_AGGRESSIVE;
				GCC_WARN_UNUSED_FUNCTION = YES;
				GCC_WARN_UNUSED_VARIABLE = YES;
				IPHONEOS_DEPLOYMENT_TARGET = 10.3;
				MTL_ENABLE_DEBUG_INFO = NO;
				SDKROOT = iphoneos;
				SWIFT_OPTIMIZATION_LEVEL = "-Owholemodule";
				TARGETED_DEVICE_FAMILY = "1,2";
				VALIDATE_PRODUCT = YES;
			};
			name = Release;
		};
		8ED7A9E11ECF47B100BEE3FC /* Debug */ = {
			isa = XCBuildConfiguration;
			baseConfigurationReference = 94D0F29F4B1980C42F9C776E /* Pods-Onboarding.debug.xcconfig */;
			buildSettings = {
				ASSETCATALOG_COMPILER_APPICON_NAME = AppIcon;
				DEVELOPMENT_TEAM = 7EB3W592G9;
				FRAMEWORK_SEARCH_PATHS = (
					"$(inherited)",
					"$(PROJECT_DIR)/build/Debug-iphoneos/SwiftForms",
				);
				INFOPLIST_FILE = Onboarding/Info.plist;
				LD_RUNPATH_SEARCH_PATHS = "$(inherited) @executable_path/Frameworks";
				PRODUCT_BUNDLE_IDENTIFIER = com.risayoneyama.Onboarding;
				PRODUCT_NAME = "$(TARGET_NAME)";
				SWIFT_VERSION = 3.0;
			};
			name = Debug;
		};
		8ED7A9E21ECF47B100BEE3FC /* Release */ = {
			isa = XCBuildConfiguration;
			baseConfigurationReference = 58B662C9ECA381646248B5AA /* Pods-Onboarding.release.xcconfig */;
			buildSettings = {
				ASSETCATALOG_COMPILER_APPICON_NAME = AppIcon;
				DEVELOPMENT_TEAM = 7EB3W592G9;
				FRAMEWORK_SEARCH_PATHS = (
					"$(inherited)",
					"$(PROJECT_DIR)/build/Debug-iphoneos/SwiftForms",
				);
				INFOPLIST_FILE = Onboarding/Info.plist;
				LD_RUNPATH_SEARCH_PATHS = "$(inherited) @executable_path/Frameworks";
				PRODUCT_BUNDLE_IDENTIFIER = com.risayoneyama.Onboarding;
				PRODUCT_NAME = "$(TARGET_NAME)";
				SWIFT_VERSION = 3.0;
			};
			name = Release;
		};
/* End XCBuildConfiguration section */

/* Begin XCConfigurationList section */
		8ED7A9C91ECF47B100BEE3FC /* Build configuration list for PBXProject "Onboarding" */ = {
			isa = XCConfigurationList;
			buildConfigurations = (
				8ED7A9DE1ECF47B100BEE3FC /* Debug */,
				8ED7A9DF1ECF47B100BEE3FC /* Release */,
			);
			defaultConfigurationIsVisible = 0;
			defaultConfigurationName = Release;
		};
		8ED7A9E01ECF47B100BEE3FC /* Build configuration list for PBXNativeTarget "Onboarding" */ = {
			isa = XCConfigurationList;
			buildConfigurations = (
				8ED7A9E11ECF47B100BEE3FC /* Debug */,
				8ED7A9E21ECF47B100BEE3FC /* Release */,
			);
			defaultConfigurationIsVisible = 0;
			defaultConfigurationName = Release;
		};
/* End XCConfigurationList section */
	};
	rootObject = 8ED7A9C61ECF47B100BEE3FC /* Project object */;
}
